PODS:
  - Alamofire (4.7.3)
  - Kingfisher (4.9.0)
  - MJRefresh (3.1.15.7)
  - mob_sharesdk (4.2.0):
    - mob_sharesdk/ShareSDK (= 4.2.0)
    - MOBFoundation
  - mob_sharesdk/ShareSDK (4.2.0):
    - MOBFoundation
  - mob_sharesdk/ShareSDKConfigFile (4.2.0):
    - mob_sharesdk/ShareSDK
    - MOBFoundation
  - mob_sharesdk/ShareSDKExtension (4.2.0):
    - mob_sharesdk/ShareSDK
    - MOBFoundation
  - mob_sharesdk/ShareSDKPlatforms/QQ (4.2.0):
    - mob_sharesdk/ShareSDK
    - MOBFoundation
  - mob_sharesdk/ShareSDKPlatforms/SinaWeibo (4.2.0):
    - mob_sharesdk/ShareSDK
    - MOBFoundation
  - mob_sharesdk/ShareSDKPlatforms/WeChat (4.2.0):
    - mob_sharesdk/ShareSDK
    - MOBFoundation
  - mob_sharesdk/ShareSDKUI (4.2.0):
    - mob_sharesdk/ShareSDK
    - MOBFoundation
  - MOBFoundation (3.2.0)
  - SQLite.swift (0.11.5):
    - SQLite.swift/standard (= 0.11.5)
  - SQLite.swift/standard (0.11.5)

DEPENDENCIES:
  - Alamofire
  - Kingfisher
  - MJRefresh
  - mob_sharesdk
  - mob_sharesdk/ShareSDKConfigFile
  - mob_sharesdk/ShareSDKExtension
  - mob_sharesdk/ShareSDKPlatforms/QQ
  - mob_sharesdk/ShareSDKPlatforms/SinaWeibo
  - mob_sharesdk/ShareSDKPlatforms/WeChat
  - mob_sharesdk/ShareSDKUI
  - SQLite.swift (~> 0.11.4)

SPEC REPOS:
  https://github.com/cocoapods/specs.git:
    - Alamofire
    - Kingfisher
    - MJRefresh
    - mob_sharesdk
    - MOBFoundation
    - SQLite.swift

SPEC CHECKSUMS:
  Alamofire: c7287b6e5d7da964a70935e5db17046b7fde6568
  Kingfisher: 64539b51826b778206daa6ed815d12653caa69dd
  MJRefresh: 697f8ec75ebdbe9207767bb682cf0f51b0d8a41f
  mob_sharesdk: fc8a9aab921c08e5e88a5b1f36229c6d406a2ff8
  MOBFoundation: ca11e6640e995875ff755faa56ea324eed260e70
  SQLite.swift: 6e5356850bb1791459f8c16d6ee9195b28714a2e

PODFILE CHECKSUM: 80d737f1b45c53c9f35be3999240945275658452

COCOAPODS: 1.5.3
