PODS:
  - Alamofire (4.7.3)
  - SQLite.swift (0.11.5):
    - SQLite.swift/standard (= 0.11.5)
  - SQLite.swift/standard (0.11.5)

DEPENDENCIES:
  - Alamofire
  - SQLite.swift (~> 0.11.4)

SPEC REPOS:
  https://github.com/cocoapods/specs.git:
    - Alamofire
    - SQLite.swift

SPEC CHECKSUMS:
  Alamofire: c7287b6e5d7da964a70935e5db17046b7fde6568
  SQLite.swift: 6e5356850bb1791459f8c16d6ee9195b28714a2e

PODFILE CHECKSUM: f37bab6aab4a6bae4b67d11f3c5eba5cd0ea0f22

COCOAPODS: 1.5.3
