// !$*UTF8*$!
{
	archiveVersion = 1;
	classes = {
	};
	objectVersion = 48;
	objects = {

/* Begin PBXBuildFile section */
		120A7FFD2712546A9459D60F /* Pods_LeqiEnglishIOS.framework in Frameworks */ = {isa = PBXBuildFile; fileRef = 336BE4373A343D3113E1DA2D /* Pods_LeqiEnglishIOS.framework */; };
		4E09352B2140C57100592DE2 /* User.swift in Sources */ = {isa = PBXBuildFile; fileRef = 4E09352A2140C57100592DE2 /* User.swift */; };
		4E09352E2140CBBB00592DE2 /* Catalog.swift in Sources */ = {isa = PBXBuildFile; fileRef = 4E09352D2140CBBB00592DE2 /* Catalog.swift */; };
		4E0935302140CC8300592DE2 /* ReciteContentVO.swift in Sources */ = {isa = PBXBuildFile; fileRef = 4E09352F2140CC8300592DE2 /* ReciteContentVO.swift */; };
		4E2DF4A1214B507700FA9BB0 /* NSDate_extension.swift in Sources */ = {isa = PBXBuildFile; fileRef = 4E2DF4A0214B507700FA9BB0 /* NSDate_extension.swift */; };
		4E2DF4A5214B8C0100FA9BB0 /* String_extension.swift in Sources */ = {isa = PBXBuildFile; fileRef = 4E2DF4A4214B8C0100FA9BB0 /* String_extension.swift */; };
		4E45FB4121532D9600A5F03F /* RecordManager.swift in Sources */ = {isa = PBXBuildFile; fileRef = 4E45FB4021532D9600A5F03F /* RecordManager.swift */; };
		4E45FB462153B49100A5F03F /* WordInfoCollectionViewCell.swift in Sources */ = {isa = PBXBuildFile; fileRef = 4E45FB442153B49100A5F03F /* WordInfoCollectionViewCell.swift */; };
		4E45FB472153B49100A5F03F /* WordInfoCollectionViewCell.xib in Resources */ = {isa = PBXBuildFile; fileRef = 4E45FB452153B49100A5F03F /* WordInfoCollectionViewCell.xib */; };
		4E45FB4F21547B1400A5F03F /* Word.swift in Sources */ = {isa = PBXBuildFile; fileRef = 4E45FB4E21547B1400A5F03F /* Word.swift */; };
		4E45FB5221547B9D00A5F03F /* WordListViewController.swift in Sources */ = {isa = PBXBuildFile; fileRef = 4E45FB5021547B9D00A5F03F /* WordListViewController.swift */; };
		4E45FB5321547B9D00A5F03F /* WordListViewController.xib in Resources */ = {isa = PBXBuildFile; fileRef = 4E45FB5121547B9D00A5F03F /* WordListViewController.xib */; };
		4E45FB562154C3C000A5F03F /* WordContentDataCache.swift in Sources */ = {isa = PBXBuildFile; fileRef = 4E45FB552154C3C000A5F03F /* WordContentDataCache.swift */; };
		4E45FB592154CCBD00A5F03F /* StringUtil.swift in Sources */ = {isa = PBXBuildFile; fileRef = 4E45FB582154CCBD00A5F03F /* StringUtil.swift */; };
		4E45FB5D2154D7F100A5F03F /* WordInfoViewController.swift in Sources */ = {isa = PBXBuildFile; fileRef = 4E45FB5B2154D7F100A5F03F /* WordInfoViewController.swift */; };
		4E45FB5E2154D7F100A5F03F /* WordInfoViewController.xib in Resources */ = {isa = PBXBuildFile; fileRef = 4E45FB5C2154D7F100A5F03F /* WordInfoViewController.xib */; };
		4E45FB672154FBF300A5F03F /* WordScentenseCollectionViewCell.swift in Sources */ = {isa = PBXBuildFile; fileRef = 4E45FB652154FBF300A5F03F /* WordScentenseCollectionViewCell.swift */; };
		4E45FB682154FBF300A5F03F /* WordScentenseCollectionViewCell.xib in Resources */ = {isa = PBXBuildFile; fileRef = 4E45FB662154FBF300A5F03F /* WordScentenseCollectionViewCell.xib */; };
		4E45FB6B2154FFFB00A5F03F /* WordScentenseCollectionView.swift in Sources */ = {isa = PBXBuildFile; fileRef = 4E45FB692154FFFB00A5F03F /* WordScentenseCollectionView.swift */; };
		4E45FB6C2154FFFB00A5F03F /* WordScentenseCollectionView.xib in Resources */ = {isa = PBXBuildFile; fileRef = 4E45FB6A2154FFFB00A5F03F /* WordScentenseCollectionView.xib */; };
		4E45FB6E2155088300A5F03F /* WordAndSegment.swift in Sources */ = {isa = PBXBuildFile; fileRef = 4E45FB6D2155088300A5F03F /* WordAndSegment.swift */; };
		4E45FB70215508CD00A5F03F /* WordScentenseDataCache.swift in Sources */ = {isa = PBXBuildFile; fileRef = 4E45FB6F215508CD00A5F03F /* WordScentenseDataCache.swift */; };
		4E5E3AA12147A52400E88554 /* ContentItemCollectionViewCell.swift in Sources */ = {isa = PBXBuildFile; fileRef = 4E5E3A9A2147A52300E88554 /* ContentItemCollectionViewCell.swift */; };
		4E5E3AA22147A52400E88554 /* ContentItemCollectionViewCell.xib in Resources */ = {isa = PBXBuildFile; fileRef = 4E5E3A9B2147A52300E88554 /* ContentItemCollectionViewCell.xib */; };
		4E5E3AA32147A52400E88554 /* ContentItemPrecentCollectionViewCell.swift in Sources */ = {isa = PBXBuildFile; fileRef = 4E5E3A9D2147A52400E88554 /* ContentItemPrecentCollectionViewCell.swift */; };
		4E5E3AA42147A52400E88554 /* ContentItemPrecentCollectionViewCell.xib in Resources */ = {isa = PBXBuildFile; fileRef = 4E5E3A9E2147A52400E88554 /* ContentItemPrecentCollectionViewCell.xib */; };
		4E5ED40F214361F500AC709F /* WordViewController.swift in Sources */ = {isa = PBXBuildFile; fileRef = 4E5ED40E214361F500AC709F /* WordViewController.swift */; };
		4E5ED4112143626800AC709F /* MainViewController.swift in Sources */ = {isa = PBXBuildFile; fileRef = 4E5ED4102143626800AC709F /* MainViewController.swift */; };
		4E5ED413214362EB00AC709F /* PersonalViewController.swift in Sources */ = {isa = PBXBuildFile; fileRef = 4E5ED412214362EB00AC709F /* PersonalViewController.swift */; };
		4E5ED41621436F6E00AC709F /* PageTitleView.swift in Sources */ = {isa = PBXBuildFile; fileRef = 4E5ED41521436F6E00AC709F /* PageTitleView.swift */; };
		4E5ED4192143767100AC709F /* Common.swift in Sources */ = {isa = PBXBuildFile; fileRef = 4E5ED4182143767100AC709F /* Common.swift */; };
		4E5ED41B2143B69400AC709F /* PageContentView.swift in Sources */ = {isa = PBXBuildFile; fileRef = 4E5ED41A2143B69400AC709F /* PageContentView.swift */; };
		4E5ED41E2143B9A100AC709F /* UIColorExtension.swift in Sources */ = {isa = PBXBuildFile; fileRef = 4E5ED41D2143B9A100AC709F /* UIColorExtension.swift */; };
		4E64265C2148EB3B00D2B3FF /* HomeViewMode.swift in Sources */ = {isa = PBXBuildFile; fileRef = 4E64265B2148EB3B00D2B3FF /* HomeViewMode.swift */; };
		4E6426612149568500D2B3FF /* SQLManager.swift in Sources */ = {isa = PBXBuildFile; fileRef = 4E6426602149568500D2B3FF /* SQLManager.swift */; };
		4E7F1EA8214A58CA000D9044 /* libsqlite3.0.tbd in Frameworks */ = {isa = PBXBuildFile; fileRef = 4E7F1EA7214A58CA000D9044 /* libsqlite3.0.tbd */; };
		4E83205B2155EF1100CD84C0 /* WordUtil.swift in Sources */ = {isa = PBXBuildFile; fileRef = 4E83205A2155EF1100CD84C0 /* WordUtil.swift */; };
		4E8E9CCC214C96110004F39B /* HomeController.swift in Sources */ = {isa = PBXBuildFile; fileRef = 4E8E9CCB214C96110004F39B /* HomeController.swift */; };
		4E8E9CD0214C96990004F39B /* UserBoardView.swift in Sources */ = {isa = PBXBuildFile; fileRef = 4E8E9CCE214C96990004F39B /* UserBoardView.swift */; };
		4E8E9CD1214C96990004F39B /* UserBoardView.xib in Resources */ = {isa = PBXBuildFile; fileRef = 4E8E9CCF214C96990004F39B /* UserBoardView.xib */; };
		4E8E9CD4214CAFF60004F39B /* MyRecitedCollectionViewCell.swift in Sources */ = {isa = PBXBuildFile; fileRef = 4E8E9CD2214CAFF60004F39B /* MyRecitedCollectionViewCell.swift */; };
		4E8E9CD5214CAFF60004F39B /* MyRecitedCollectionViewCell.xib in Resources */ = {isa = PBXBuildFile; fileRef = 4E8E9CD3214CAFF60004F39B /* MyRecitedCollectionViewCell.xib */; };
		4E8E9CD8214CE9D60004F39B /* MyRecommendCollectionViewCell.swift in Sources */ = {isa = PBXBuildFile; fileRef = 4E8E9CD6214CE9D60004F39B /* MyRecommendCollectionViewCell.swift */; };
		4E8E9CD9214CE9D60004F39B /* MyRecommendCollectionViewCell.xib in Resources */ = {isa = PBXBuildFile; fileRef = 4E8E9CD7214CE9D60004F39B /* MyRecommendCollectionViewCell.xib */; };
		4E8E9CDC214CF8370004F39B /* MyRecommendViewModel.swift in Sources */ = {isa = PBXBuildFile; fileRef = 4E8E9CDB214CF8370004F39B /* MyRecommendViewModel.swift */; };
		4E8E9CDE214CF8790004F39B /* DataCache.swift in Sources */ = {isa = PBXBuildFile; fileRef = 4E8E9CDD214CF8790004F39B /* DataCache.swift */; };
		4E8E9CE6214E2F020004F39B /* ContentInfoViewController.swift in Sources */ = {isa = PBXBuildFile; fileRef = 4E8E9CE4214E2F020004F39B /* ContentInfoViewController.swift */; };
		4E8E9CE7214E2F020004F39B /* ContentInfoViewController.xib in Resources */ = {isa = PBXBuildFile; fileRef = 4E8E9CE5214E2F020004F39B /* ContentInfoViewController.xib */; };
		4E8E9CEB214F4F6B0004F39B /* ContentInfoViewModel.swift in Sources */ = {isa = PBXBuildFile; fileRef = 4E8E9CEA214F4F6B0004F39B /* ContentInfoViewModel.swift */; };
		4E8E9CED214F4FB70004F39B /* Segment.swift in Sources */ = {isa = PBXBuildFile; fileRef = 4E8E9CEC214F4FB70004F39B /* Segment.swift */; };
		4E8E9CF1214F58BA0004F39B /* SegmentViewItem.swift in Sources */ = {isa = PBXBuildFile; fileRef = 4E8E9CEF214F58BA0004F39B /* SegmentViewItem.swift */; };
		4E8E9CF2214F58BA0004F39B /* SegmentViewItem.xib in Resources */ = {isa = PBXBuildFile; fileRef = 4E8E9CF0214F58BA0004F39B /* SegmentViewItem.xib */; };
		4E8E9CF6214F9E880004F39B /* playsegment.storyboard in Resources */ = {isa = PBXBuildFile; fileRef = 4E8E9CF5214F9E880004F39B /* playsegment.storyboard */; };
		4E9906212142647100EE0D55 /* home.storyboard in Resources */ = {isa = PBXBuildFile; fileRef = 4E99061F2142647100EE0D55 /* home.storyboard */; };
		4E990628214264EA00EE0D55 /* word.storyboard in Resources */ = {isa = PBXBuildFile; fileRef = 4E990626214264EA00EE0D55 /* word.storyboard */; };
		4E99062A2142650600EE0D55 /* personal.storyboard in Resources */ = {isa = PBXBuildFile; fileRef = 4E9906292142650600EE0D55 /* personal.storyboard */; };
		4E9906332142779E00EE0D55 /* NavigationBarItemExtension.swift in Sources */ = {isa = PBXBuildFile; fileRef = 4E9906322142779E00EE0D55 /* NavigationBarItemExtension.swift */; };
		4E9C5B9D2150A18C0079F985 /* Logger.swift in Sources */ = {isa = PBXBuildFile; fileRef = 4E9C5B9C2150A18B0079F985 /* Logger.swift */; };
		4E9C5B9F2150A4950079F985 /* MyRecitedViewModel.swift in Sources */ = {isa = PBXBuildFile; fileRef = 4E9C5B9E2150A4950079F985 /* MyRecitedViewModel.swift */; };
		4E9C5BA32150D2E70079F985 /* UserDataCache.swift in Sources */ = {isa = PBXBuildFile; fileRef = 4E9C5BA22150D2E70079F985 /* UserDataCache.swift */; };
		4E9C5BA72150FCBE0079F985 /* UISegmentPlayViewController.swift in Sources */ = {isa = PBXBuildFile; fileRef = 4E9C5BA52150FCBE0079F985 /* UISegmentPlayViewController.swift */; };
		4E9C5BA82150FCBE0079F985 /* UISegmentPlayViewController.xib in Resources */ = {isa = PBXBuildFile; fileRef = 4E9C5BA62150FCBE0079F985 /* UISegmentPlayViewController.xib */; };
		4E9C5BAE2150FF3E0079F985 /* PlaySementItemCollectionViewCell.swift in Sources */ = {isa = PBXBuildFile; fileRef = 4E9C5BAC2150FF3E0079F985 /* PlaySementItemCollectionViewCell.swift */; };
		4E9C5BAF2150FF3E0079F985 /* PlaySementItemCollectionViewCell.xib in Resources */ = {isa = PBXBuildFile; fileRef = 4E9C5BAD2150FF3E0079F985 /* PlaySementItemCollectionViewCell.xib */; };
		4E9C5BB2215101640079F985 /* PlaySegmentBar.swift in Sources */ = {isa = PBXBuildFile; fileRef = 4E9C5BB1215101630079F985 /* PlaySegmentBar.swift */; };
		4E9C5BB62151091C0079F985 /* SegmentPlayItem.swift in Sources */ = {isa = PBXBuildFile; fileRef = 4E9C5BB52151091C0079F985 /* SegmentPlayItem.swift */; };
		4E9C5BB9215230370079F985 /* UIView_extension.swift in Sources */ = {isa = PBXBuildFile; fileRef = 4E9C5BB8215230370079F985 /* UIView_extension.swift */; };
		4E9C5BBC215240520079F985 /* FileUtil.swift in Sources */ = {isa = PBXBuildFile; fileRef = 4E9C5BBB215240520079F985 /* FileUtil.swift */; };
		4EC0C3D62159CCF5004CE967 /* SingleContent.swift in Sources */ = {isa = PBXBuildFile; fileRef = 4EC0C3D52159CCF5004CE967 /* SingleContent.swift */; };
		4EC0C3D9215A042C004CE967 /* ReciteWordViewController.swift in Sources */ = {isa = PBXBuildFile; fileRef = 4EC0C3D7215A042C004CE967 /* ReciteWordViewController.swift */; };
		4EC0C3DA215A042C004CE967 /* ReciteWordViewController.xib in Resources */ = {isa = PBXBuildFile; fileRef = 4EC0C3D8215A042C004CE967 /* ReciteWordViewController.xib */; };
		4EC0C3DE215A0F35004CE967 /* MyWords.swift in Sources */ = {isa = PBXBuildFile; fileRef = 4EC0C3DD215A0F35004CE967 /* MyWords.swift */; };
		4EC0C3E1215A6F84004CE967 /* DictionaryUtil.swift in Sources */ = {isa = PBXBuildFile; fileRef = 4EC0C3E0215A6F84004CE967 /* DictionaryUtil.swift */; };
		4EF2EFD7206909D900B7F447 /* AppDelegate.swift in Sources */ = {isa = PBXBuildFile; fileRef = 4EF2EFD6206909D900B7F447 /* AppDelegate.swift */; };
		4EF2EFD9206909D900B7F447 /* ViewController.swift in Sources */ = {isa = PBXBuildFile; fileRef = 4EF2EFD8206909D900B7F447 /* ViewController.swift */; };
		4EF2EFDC206909D900B7F447 /* Main.storyboard in Resources */ = {isa = PBXBuildFile; fileRef = 4EF2EFDA206909D900B7F447 /* Main.storyboard */; };
		4EF2EFDE206909D900B7F447 /* Assets.xcassets in Resources */ = {isa = PBXBuildFile; fileRef = 4EF2EFDD206909D900B7F447 /* Assets.xcassets */; };
		4EF2EFE1206909D900B7F447 /* LaunchScreen.storyboard in Resources */ = {isa = PBXBuildFile; fileRef = 4EF2EFDF206909D900B7F447 /* LaunchScreen.storyboard */; };
		4EF2F06220710C1500B7F447 /* Content.swift in Sources */ = {isa = PBXBuildFile; fileRef = 4EF2F06120710C1500B7F447 /* Content.swift */; };
		4EF2F06520710C7A00B7F447 /* Entity.swift in Sources */ = {isa = PBXBuildFile; fileRef = 4EF2F06420710C7A00B7F447 /* Entity.swift */; };
		4EF2F088207196BC00B7F447 /* Service.swift in Sources */ = {isa = PBXBuildFile; fileRef = 4EF2F087207196BC00B7F447 /* Service.swift */; };
/* End PBXBuildFile section */

/* Begin PBXCopyFilesBuildPhase section */
		4EF2F0852071952C00B7F447 /* Embed Frameworks */ = {
			isa = PBXCopyFilesBuildPhase;
			buildActionMask = 2147483647;
			dstPath = "";
			dstSubfolderSpec = 10;
			files = (
			);
			name = "Embed Frameworks";
			runOnlyForDeploymentPostprocessing = 0;
		};
/* End PBXCopyFilesBuildPhase section */

/* Begin PBXFileReference section */
		336BE4373A343D3113E1DA2D /* Pods_LeqiEnglishIOS.framework */ = {isa = PBXFileReference; explicitFileType = wrapper.framework; includeInIndex = 0; path = Pods_LeqiEnglishIOS.framework; sourceTree = BUILT_PRODUCTS_DIR; };
		4E09352A2140C57100592DE2 /* User.swift */ = {isa = PBXFileReference; lastKnownFileType = sourcecode.swift; path = User.swift; sourceTree = "<group>"; };
		4E09352D2140CBBB00592DE2 /* Catalog.swift */ = {isa = PBXFileReference; lastKnownFileType = sourcecode.swift; path = Catalog.swift; sourceTree = "<group>"; };
		4E09352F2140CC8300592DE2 /* ReciteContentVO.swift */ = {isa = PBXFileReference; lastKnownFileType = sourcecode.swift; path = ReciteContentVO.swift; sourceTree = "<group>"; };
		4E2DF4A0214B507700FA9BB0 /* NSDate_extension.swift */ = {isa = PBXFileReference; lastKnownFileType = sourcecode.swift; path = NSDate_extension.swift; sourceTree = "<group>"; };
		4E2DF4A4214B8C0100FA9BB0 /* String_extension.swift */ = {isa = PBXFileReference; lastKnownFileType = sourcecode.swift; path = String_extension.swift; sourceTree = "<group>"; };
		4E45FB4021532D9600A5F03F /* RecordManager.swift */ = {isa = PBXFileReference; lastKnownFileType = sourcecode.swift; path = RecordManager.swift; sourceTree = "<group>"; };
		4E45FB442153B49100A5F03F /* WordInfoCollectionViewCell.swift */ = {isa = PBXFileReference; lastKnownFileType = sourcecode.swift; path = WordInfoCollectionViewCell.swift; sourceTree = "<group>"; };
		4E45FB452153B49100A5F03F /* WordInfoCollectionViewCell.xib */ = {isa = PBXFileReference; lastKnownFileType = file.xib; path = WordInfoCollectionViewCell.xib; sourceTree = "<group>"; };
		4E45FB4E21547B1400A5F03F /* Word.swift */ = {isa = PBXFileReference; lastKnownFileType = sourcecode.swift; path = Word.swift; sourceTree = "<group>"; };
		4E45FB5021547B9D00A5F03F /* WordListViewController.swift */ = {isa = PBXFileReference; lastKnownFileType = sourcecode.swift; path = WordListViewController.swift; sourceTree = "<group>"; };
		4E45FB5121547B9D00A5F03F /* WordListViewController.xib */ = {isa = PBXFileReference; lastKnownFileType = file.xib; path = WordListViewController.xib; sourceTree = "<group>"; };
		4E45FB552154C3C000A5F03F /* WordContentDataCache.swift */ = {isa = PBXFileReference; lastKnownFileType = sourcecode.swift; path = WordContentDataCache.swift; sourceTree = "<group>"; };
		4E45FB582154CCBD00A5F03F /* StringUtil.swift */ = {isa = PBXFileReference; lastKnownFileType = sourcecode.swift; path = StringUtil.swift; sourceTree = "<group>"; };
		4E45FB5B2154D7F100A5F03F /* WordInfoViewController.swift */ = {isa = PBXFileReference; lastKnownFileType = sourcecode.swift; path = WordInfoViewController.swift; sourceTree = "<group>"; };
		4E45FB5C2154D7F100A5F03F /* WordInfoViewController.xib */ = {isa = PBXFileReference; lastKnownFileType = file.xib; path = WordInfoViewController.xib; sourceTree = "<group>"; };
		4E45FB652154FBF300A5F03F /* WordScentenseCollectionViewCell.swift */ = {isa = PBXFileReference; lastKnownFileType = sourcecode.swift; path = WordScentenseCollectionViewCell.swift; sourceTree = "<group>"; };
		4E45FB662154FBF300A5F03F /* WordScentenseCollectionViewCell.xib */ = {isa = PBXFileReference; lastKnownFileType = file.xib; path = WordScentenseCollectionViewCell.xib; sourceTree = "<group>"; };
		4E45FB692154FFFB00A5F03F /* WordScentenseCollectionView.swift */ = {isa = PBXFileReference; lastKnownFileType = sourcecode.swift; path = WordScentenseCollectionView.swift; sourceTree = "<group>"; };
		4E45FB6A2154FFFB00A5F03F /* WordScentenseCollectionView.xib */ = {isa = PBXFileReference; lastKnownFileType = file.xib; path = WordScentenseCollectionView.xib; sourceTree = "<group>"; };
		4E45FB6D2155088300A5F03F /* WordAndSegment.swift */ = {isa = PBXFileReference; lastKnownFileType = sourcecode.swift; path = WordAndSegment.swift; sourceTree = "<group>"; };
		4E45FB6F215508CD00A5F03F /* WordScentenseDataCache.swift */ = {isa = PBXFileReference; lastKnownFileType = sourcecode.swift; path = WordScentenseDataCache.swift; sourceTree = "<group>"; };
		4E5E3A9A2147A52300E88554 /* ContentItemCollectionViewCell.swift */ = {isa = PBXFileReference; fileEncoding = 4; lastKnownFileType = sourcecode.swift; path = ContentItemCollectionViewCell.swift; sourceTree = "<group>"; };
		4E5E3A9B2147A52300E88554 /* ContentItemCollectionViewCell.xib */ = {isa = PBXFileReference; fileEncoding = 4; lastKnownFileType = file.xib; path = ContentItemCollectionViewCell.xib; sourceTree = "<group>"; };
		4E5E3A9D2147A52400E88554 /* ContentItemPrecentCollectionViewCell.swift */ = {isa = PBXFileReference; fileEncoding = 4; lastKnownFileType = sourcecode.swift; path = ContentItemPrecentCollectionViewCell.swift; sourceTree = "<group>"; };
		4E5E3A9E2147A52400E88554 /* ContentItemPrecentCollectionViewCell.xib */ = {isa = PBXFileReference; fileEncoding = 4; lastKnownFileType = file.xib; path = ContentItemPrecentCollectionViewCell.xib; sourceTree = "<group>"; };
		4E5ED40E214361F500AC709F /* WordViewController.swift */ = {isa = PBXFileReference; lastKnownFileType = sourcecode.swift; path = WordViewController.swift; sourceTree = "<group>"; };
		4E5ED4102143626800AC709F /* MainViewController.swift */ = {isa = PBXFileReference; lastKnownFileType = sourcecode.swift; path = MainViewController.swift; sourceTree = "<group>"; };
		4E5ED412214362EB00AC709F /* PersonalViewController.swift */ = {isa = PBXFileReference; lastKnownFileType = sourcecode.swift; path = PersonalViewController.swift; sourceTree = "<group>"; };
		4E5ED41521436F6E00AC709F /* PageTitleView.swift */ = {isa = PBXFileReference; lastKnownFileType = sourcecode.swift; path = PageTitleView.swift; sourceTree = "<group>"; };
		4E5ED4182143767100AC709F /* Common.swift */ = {isa = PBXFileReference; lastKnownFileType = sourcecode.swift; path = Common.swift; sourceTree = "<group>"; };
		4E5ED41A2143B69400AC709F /* PageContentView.swift */ = {isa = PBXFileReference; lastKnownFileType = sourcecode.swift; path = PageContentView.swift; sourceTree = "<group>"; };
		4E5ED41D2143B9A100AC709F /* UIColorExtension.swift */ = {isa = PBXFileReference; lastKnownFileType = sourcecode.swift; path = UIColorExtension.swift; sourceTree = "<group>"; };
		4E64265B2148EB3B00D2B3FF /* HomeViewMode.swift */ = {isa = PBXFileReference; lastKnownFileType = sourcecode.swift; path = HomeViewMode.swift; sourceTree = "<group>"; };
		4E6426602149568500D2B3FF /* SQLManager.swift */ = {isa = PBXFileReference; lastKnownFileType = sourcecode.swift; path = SQLManager.swift; sourceTree = "<group>"; };
		4E7F1EA7214A58CA000D9044 /* libsqlite3.0.tbd */ = {isa = PBXFileReference; lastKnownFileType = "sourcecode.text-based-dylib-definition"; name = libsqlite3.0.tbd; path = usr/lib/libsqlite3.0.tbd; sourceTree = SDKROOT; };
		4E83205A2155EF1100CD84C0 /* WordUtil.swift */ = {isa = PBXFileReference; lastKnownFileType = sourcecode.swift; path = WordUtil.swift; sourceTree = "<group>"; };
		4E8E9CCB214C96110004F39B /* HomeController.swift */ = {isa = PBXFileReference; lastKnownFileType = sourcecode.swift; path = HomeController.swift; sourceTree = "<group>"; };
		4E8E9CCE214C96990004F39B /* UserBoardView.swift */ = {isa = PBXFileReference; lastKnownFileType = sourcecode.swift; path = UserBoardView.swift; sourceTree = "<group>"; };
		4E8E9CCF214C96990004F39B /* UserBoardView.xib */ = {isa = PBXFileReference; lastKnownFileType = file.xib; path = UserBoardView.xib; sourceTree = "<group>"; };
		4E8E9CD2214CAFF60004F39B /* MyRecitedCollectionViewCell.swift */ = {isa = PBXFileReference; lastKnownFileType = sourcecode.swift; path = MyRecitedCollectionViewCell.swift; sourceTree = "<group>"; };
		4E8E9CD3214CAFF60004F39B /* MyRecitedCollectionViewCell.xib */ = {isa = PBXFileReference; lastKnownFileType = file.xib; path = MyRecitedCollectionViewCell.xib; sourceTree = "<group>"; };
		4E8E9CD6214CE9D60004F39B /* MyRecommendCollectionViewCell.swift */ = {isa = PBXFileReference; lastKnownFileType = sourcecode.swift; path = MyRecommendCollectionViewCell.swift; sourceTree = "<group>"; };
		4E8E9CD7214CE9D60004F39B /* MyRecommendCollectionViewCell.xib */ = {isa = PBXFileReference; lastKnownFileType = file.xib; path = MyRecommendCollectionViewCell.xib; sourceTree = "<group>"; };
		4E8E9CDB214CF8370004F39B /* MyRecommendViewModel.swift */ = {isa = PBXFileReference; lastKnownFileType = sourcecode.swift; path = MyRecommendViewModel.swift; sourceTree = "<group>"; };
		4E8E9CDD214CF8790004F39B /* DataCache.swift */ = {isa = PBXFileReference; lastKnownFileType = sourcecode.swift; path = DataCache.swift; sourceTree = "<group>"; };
		4E8E9CE4214E2F020004F39B /* ContentInfoViewController.swift */ = {isa = PBXFileReference; lastKnownFileType = sourcecode.swift; path = ContentInfoViewController.swift; sourceTree = "<group>"; };
		4E8E9CE5214E2F020004F39B /* ContentInfoViewController.xib */ = {isa = PBXFileReference; lastKnownFileType = file.xib; path = ContentInfoViewController.xib; sourceTree = "<group>"; };
		4E8E9CEA214F4F6B0004F39B /* ContentInfoViewModel.swift */ = {isa = PBXFileReference; lastKnownFileType = sourcecode.swift; path = ContentInfoViewModel.swift; sourceTree = "<group>"; };
		4E8E9CEC214F4FB70004F39B /* Segment.swift */ = {isa = PBXFileReference; lastKnownFileType = sourcecode.swift; path = Segment.swift; sourceTree = "<group>"; };
		4E8E9CEF214F58BA0004F39B /* SegmentViewItem.swift */ = {isa = PBXFileReference; lastKnownFileType = sourcecode.swift; path = SegmentViewItem.swift; sourceTree = "<group>"; };
		4E8E9CF0214F58BA0004F39B /* SegmentViewItem.xib */ = {isa = PBXFileReference; lastKnownFileType = file.xib; path = SegmentViewItem.xib; sourceTree = "<group>"; };
		4E8E9CF5214F9E880004F39B /* playsegment.storyboard */ = {isa = PBXFileReference; lastKnownFileType = file.storyboard; path = playsegment.storyboard; sourceTree = "<group>"; };
		4E9906202142647100EE0D55 /* Base */ = {isa = PBXFileReference; lastKnownFileType = file.storyboard; name = Base; path = LeqiEnglishIOS/Base.lproj/home.storyboard; sourceTree = "<group>"; };
		4E990627214264EA00EE0D55 /* Base */ = {isa = PBXFileReference; lastKnownFileType = file.storyboard; name = Base; path = LeqiEnglishIOS/storyboard/Base.lproj/word.storyboard; sourceTree = "<group>"; };
		4E9906292142650600EE0D55 /* personal.storyboard */ = {isa = PBXFileReference; fileEncoding = 4; lastKnownFileType = file.storyboard; path = personal.storyboard; sourceTree = "<group>"; };
		4E9906322142779E00EE0D55 /* NavigationBarItemExtension.swift */ = {isa = PBXFileReference; lastKnownFileType = sourcecode.swift; path = NavigationBarItemExtension.swift; sourceTree = "<group>"; };
		4E9C5B9C2150A18B0079F985 /* Logger.swift */ = {isa = PBXFileReference; lastKnownFileType = sourcecode.swift; path = Logger.swift; sourceTree = "<group>"; };
		4E9C5B9E2150A4950079F985 /* MyRecitedViewModel.swift */ = {isa = PBXFileReference; lastKnownFileType = sourcecode.swift; path = MyRecitedViewModel.swift; sourceTree = "<group>"; };
		4E9C5BA22150D2E70079F985 /* UserDataCache.swift */ = {isa = PBXFileReference; lastKnownFileType = sourcecode.swift; path = UserDataCache.swift; sourceTree = "<group>"; };
		4E9C5BA52150FCBE0079F985 /* UISegmentPlayViewController.swift */ = {isa = PBXFileReference; lastKnownFileType = sourcecode.swift; path = UISegmentPlayViewController.swift; sourceTree = "<group>"; };
		4E9C5BA62150FCBE0079F985 /* UISegmentPlayViewController.xib */ = {isa = PBXFileReference; lastKnownFileType = file.xib; path = UISegmentPlayViewController.xib; sourceTree = "<group>"; };
		4E9C5BAC2150FF3E0079F985 /* PlaySementItemCollectionViewCell.swift */ = {isa = PBXFileReference; lastKnownFileType = sourcecode.swift; path = PlaySementItemCollectionViewCell.swift; sourceTree = "<group>"; };
		4E9C5BAD2150FF3E0079F985 /* PlaySementItemCollectionViewCell.xib */ = {isa = PBXFileReference; lastKnownFileType = file.xib; path = PlaySementItemCollectionViewCell.xib; sourceTree = "<group>"; };
		4E9C5BB1215101630079F985 /* PlaySegmentBar.swift */ = {isa = PBXFileReference; lastKnownFileType = sourcecode.swift; path = PlaySegmentBar.swift; sourceTree = "<group>"; };
		4E9C5BB52151091C0079F985 /* SegmentPlayItem.swift */ = {isa = PBXFileReference; lastKnownFileType = sourcecode.swift; path = SegmentPlayItem.swift; sourceTree = "<group>"; };
		4E9C5BB8215230370079F985 /* UIView_extension.swift */ = {isa = PBXFileReference; lastKnownFileType = sourcecode.swift; path = UIView_extension.swift; sourceTree = "<group>"; };
		4E9C5BBB215240520079F985 /* FileUtil.swift */ = {isa = PBXFileReference; lastKnownFileType = sourcecode.swift; path = FileUtil.swift; sourceTree = "<group>"; };
		4EC0C3D52159CCF5004CE967 /* SingleContent.swift */ = {isa = PBXFileReference; lastKnownFileType = sourcecode.swift; path = SingleContent.swift; sourceTree = "<group>"; };
		4EC0C3D7215A042C004CE967 /* ReciteWordViewController.swift */ = {isa = PBXFileReference; lastKnownFileType = sourcecode.swift; path = ReciteWordViewController.swift; sourceTree = "<group>"; };
		4EC0C3D8215A042C004CE967 /* ReciteWordViewController.xib */ = {isa = PBXFileReference; lastKnownFileType = file.xib; path = ReciteWordViewController.xib; sourceTree = "<group>"; };
		4EC0C3DD215A0F35004CE967 /* MyWords.swift */ = {isa = PBXFileReference; lastKnownFileType = sourcecode.swift; path = MyWords.swift; sourceTree = "<group>"; };
		4EC0C3E0215A6F84004CE967 /* DictionaryUtil.swift */ = {isa = PBXFileReference; lastKnownFileType = sourcecode.swift; path = DictionaryUtil.swift; sourceTree = "<group>"; };
		4EF2EFD3206909D900B7F447 /* LeqiEnglishIOS.app */ = {isa = PBXFileReference; explicitFileType = wrapper.application; includeInIndex = 0; path = LeqiEnglishIOS.app; sourceTree = BUILT_PRODUCTS_DIR; };
		4EF2EFD6206909D900B7F447 /* AppDelegate.swift */ = {isa = PBXFileReference; lastKnownFileType = sourcecode.swift; path = AppDelegate.swift; sourceTree = "<group>"; };
		4EF2EFD8206909D900B7F447 /* ViewController.swift */ = {isa = PBXFileReference; lastKnownFileType = sourcecode.swift; path = ViewController.swift; sourceTree = "<group>"; };
		4EF2EFDB206909D900B7F447 /* Base */ = {isa = PBXFileReference; lastKnownFileType = file.storyboard; name = Base; path = Base.lproj/Main.storyboard; sourceTree = "<group>"; };
		4EF2EFDD206909D900B7F447 /* Assets.xcassets */ = {isa = PBXFileReference; lastKnownFileType = folder.assetcatalog; path = Assets.xcassets; sourceTree = "<group>"; };
		4EF2EFE0206909D900B7F447 /* Base */ = {isa = PBXFileReference; lastKnownFileType = file.storyboard; name = Base; path = Base.lproj/LaunchScreen.storyboard; sourceTree = "<group>"; };
		4EF2EFE2206909D900B7F447 /* Info.plist */ = {isa = PBXFileReference; lastKnownFileType = text.plist.xml; path = Info.plist; sourceTree = "<group>"; };
		4EF2F06120710C1500B7F447 /* Content.swift */ = {isa = PBXFileReference; lastKnownFileType = sourcecode.swift; path = Content.swift; sourceTree = "<group>"; };
		4EF2F06420710C7A00B7F447 /* Entity.swift */ = {isa = PBXFileReference; lastKnownFileType = sourcecode.swift; path = Entity.swift; sourceTree = "<group>"; };
		4EF2F087207196BC00B7F447 /* Service.swift */ = {isa = PBXFileReference; lastKnownFileType = sourcecode.swift; path = Service.swift; sourceTree = "<group>"; };
		BA80D4FBEEB9C72186E7D4B3 /* Pods-LeqiEnglishIOS.release.xcconfig */ = {isa = PBXFileReference; includeInIndex = 1; lastKnownFileType = text.xcconfig; name = "Pods-LeqiEnglishIOS.release.xcconfig"; path = "Pods/Target Support Files/Pods-LeqiEnglishIOS/Pods-LeqiEnglishIOS.release.xcconfig"; sourceTree = "<group>"; };
		DFFAD7CA82B991F0B115AED3 /* Pods-LeqiEnglishIOS.debug.xcconfig */ = {isa = PBXFileReference; includeInIndex = 1; lastKnownFileType = text.xcconfig; name = "Pods-LeqiEnglishIOS.debug.xcconfig"; path = "Pods/Target Support Files/Pods-LeqiEnglishIOS/Pods-LeqiEnglishIOS.debug.xcconfig"; sourceTree = "<group>"; };
/* End PBXFileReference section */

/* Begin PBXFrameworksBuildPhase section */
		4EF2EFD0206909D900B7F447 /* Frameworks */ = {
			isa = PBXFrameworksBuildPhase;
			buildActionMask = 2147483647;
			files = (
				4E7F1EA8214A58CA000D9044 /* libsqlite3.0.tbd in Frameworks */,
				120A7FFD2712546A9459D60F /* Pods_LeqiEnglishIOS.framework in Frameworks */,
			);
			runOnlyForDeploymentPostprocessing = 0;
		};
/* End PBXFrameworksBuildPhase section */

/* Begin PBXGroup section */
		1400984347FFA29EC603B2F4 /* Pods */ = {
			isa = PBXGroup;
			children = (
				DFFAD7CA82B991F0B115AED3 /* Pods-LeqiEnglishIOS.debug.xcconfig */,
				BA80D4FBEEB9C72186E7D4B3 /* Pods-LeqiEnglishIOS.release.xcconfig */,
			);
			name = Pods;
			sourceTree = "<group>";
		};
		4E0935272140C29B00592DE2 /* content */ = {
			isa = PBXGroup;
			children = (
				4EF2F06120710C1500B7F447 /* Content.swift */,
				4E09352F2140CC8300592DE2 /* ReciteContentVO.swift */,
			);
			path = content;
			sourceTree = "<group>";
		};
		4E0935282140C51400592DE2 /* user */ = {
			isa = PBXGroup;
			children = (
				4E0935292140C52700592DE2 /* New Group */,
				4E09352A2140C57100592DE2 /* User.swift */,
			);
			path = user;
			sourceTree = "<group>";
		};
		4E0935292140C52700592DE2 /* New Group */ = {
			isa = PBXGroup;
			children = (
			);
			path = "New Group";
			sourceTree = "<group>";
		};
		4E09352C2140C67400592DE2 /* catalog */ = {
			isa = PBXGroup;
			children = (
				4E09352D2140CBBB00592DE2 /* Catalog.swift */,
			);
			path = catalog;
			sourceTree = "<group>";
		};
		4E0935312140CD4200592DE2 /* controller */ = {
			isa = PBXGroup;
			children = (
				4E9906292142650600EE0D55 /* personal.storyboard */,
				4E5ED412214362EB00AC709F /* PersonalViewController.swift */,
			);
			path = controller;
			sourceTree = "<group>";
		};
		4E093536214105DF00592DE2 /* data */ = {
			isa = PBXGroup;
			children = (
				4E6426602149568500D2B3FF /* SQLManager.swift */,
			);
			path = data;
			sourceTree = "<group>";
		};
		4E2DF4A2214B508000FA9BB0 /* date */ = {
			isa = PBXGroup;
			children = (
				4E2DF4A0214B507700FA9BB0 /* NSDate_extension.swift */,
			);
			path = date;
			sourceTree = "<group>";
		};
		4E2DF4A3214B8BCC00FA9BB0 /* string */ = {
			isa = PBXGroup;
			children = (
				4E2DF4A4214B8C0100FA9BB0 /* String_extension.swift */,
			);
			path = string;
			sourceTree = "<group>";
		};
		4E45FB3F21532D7600A5F03F /* record */ = {
			isa = PBXGroup;
			children = (
				4E45FB4021532D9600A5F03F /* RecordManager.swift */,
			);
			path = record;
			sourceTree = "<group>";
		};
		4E45FB422153B43500A5F03F /* view */ = {
			isa = PBXGroup;
			children = (
				4EC0C3DB215A0482004CE967 /* wordrecite */,
				4E45FB48215473C100A5F03F /* wordlist */,
			);
			path = view;
			sourceTree = "<group>";
		};
		4E45FB432153B43D00A5F03F /* WordInfoCell */ = {
			isa = PBXGroup;
			children = (
				4E45FB442153B49100A5F03F /* WordInfoCollectionViewCell.swift */,
				4E45FB452153B49100A5F03F /* WordInfoCollectionViewCell.xib */,
			);
			path = WordInfoCell;
			sourceTree = "<group>";
		};
		4E45FB48215473C100A5F03F /* wordlist */ = {
			isa = PBXGroup;
			children = (
				4E45FB5F2154FB3500A5F03F /* wordscentense */,
				4E45FB5A2154D7C500A5F03F /* wordinfo */,
				4E45FB432153B43D00A5F03F /* WordInfoCell */,
				4E45FB5021547B9D00A5F03F /* WordListViewController.swift */,
				4E45FB5121547B9D00A5F03F /* WordListViewController.xib */,
			);
			path = wordlist;
			sourceTree = "<group>";
		};
		4E45FB4D21547A6D00A5F03F /* word */ = {
			isa = PBXGroup;
			children = (
				4E45FB4E21547B1400A5F03F /* Word.swift */,
				4E45FB6D2155088300A5F03F /* WordAndSegment.swift */,
			);
			path = word;
			sourceTree = "<group>";
		};
		4E45FB542154C39400A5F03F /* datacache */ = {
			isa = PBXGroup;
			children = (
				4E45FB552154C3C000A5F03F /* WordContentDataCache.swift */,
				4E45FB6F215508CD00A5F03F /* WordScentenseDataCache.swift */,
				4EC0C3DD215A0F35004CE967 /* MyWords.swift */,
			);
			path = datacache;
			sourceTree = "<group>";
		};
		4E45FB572154CCA400A5F03F /* string */ = {
			isa = PBXGroup;
			children = (
				4E45FB582154CCBD00A5F03F /* StringUtil.swift */,
			);
			path = string;
			sourceTree = "<group>";
		};
		4E45FB5A2154D7C500A5F03F /* wordinfo */ = {
			isa = PBXGroup;
			children = (
				4E45FB5B2154D7F100A5F03F /* WordInfoViewController.swift */,
				4E45FB5C2154D7F100A5F03F /* WordInfoViewController.xib */,
			);
			path = wordinfo;
			sourceTree = "<group>";
		};
		4E45FB5F2154FB3500A5F03F /* wordscentense */ = {
			isa = PBXGroup;
			children = (
				4E45FB642154FBCF00A5F03F /* wordscentenseCell */,
				4E45FB692154FFFB00A5F03F /* WordScentenseCollectionView.swift */,
				4E45FB6A2154FFFB00A5F03F /* WordScentenseCollectionView.xib */,
			);
			path = wordscentense;
			sourceTree = "<group>";
		};
		4E45FB642154FBCF00A5F03F /* wordscentenseCell */ = {
			isa = PBXGroup;
			children = (
				4E45FB652154FBF300A5F03F /* WordScentenseCollectionViewCell.swift */,
				4E45FB662154FBF300A5F03F /* WordScentenseCollectionViewCell.xib */,
			);
			path = wordscentenseCell;
			sourceTree = "<group>";
		};
		4E5E3A962147A4CE00E88554 /* controller */ = {
			isa = PBXGroup;
			children = (
			);
			path = controller;
			sourceTree = "<group>";
		};
		4E5E3A992147A52300E88554 /* contentItem */ = {
			isa = PBXGroup;
			children = (
				4E5E3A9A2147A52300E88554 /* ContentItemCollectionViewCell.swift */,
				4E5E3A9B2147A52300E88554 /* ContentItemCollectionViewCell.xib */,
				4E5E3A9C2147A52400E88554 /* precent */,
			);
			path = contentItem;
			sourceTree = "<group>";
		};
		4E5E3A9C2147A52400E88554 /* precent */ = {
			isa = PBXGroup;
			children = (
				4E5E3A9D2147A52400E88554 /* ContentItemPrecentCollectionViewCell.swift */,
				4E5E3A9E2147A52400E88554 /* ContentItemPrecentCollectionViewCell.xib */,
			);
			path = precent;
			sourceTree = "<group>";
		};
		4E5ED4042143617300AC709F /* word */ = {
			isa = PBXGroup;
			children = (
				4E45FB542154C39400A5F03F /* datacache */,
				4E45FB422153B43500A5F03F /* view */,
				4E5ED40C2143617B00AC709F /* controller */,
			);
			path = word;
			sourceTree = "<group>";
		};
		4E5ED40C2143617B00AC709F /* controller */ = {
			isa = PBXGroup;
			children = (
				4E990626214264EA00EE0D55 /* word.storyboard */,
				4E5ED40E214361F500AC709F /* WordViewController.swift */,
			);
			path = controller;
			sourceTree = "<group>";
		};
		4E5ED40D2143618B00AC709F /* personal */ = {
			isa = PBXGroup;
			children = (
				4E9C5BA12150D28F0079F985 /* data */,
				4E0935312140CD4200592DE2 /* controller */,
			);
			path = personal;
			sourceTree = "<group>";
		};
		4E5ED41421436F3800AC709F /* view */ = {
			isa = PBXGroup;
			children = (
				4E5ED41521436F6E00AC709F /* PageTitleView.swift */,
				4E5ED41A2143B69400AC709F /* PageContentView.swift */,
			);
			path = view;
			sourceTree = "<group>";
		};
		4E5ED4172143764F00AC709F /* tools */ = {
			isa = PBXGroup;
			children = (
				4EC0C3DF215A6F62004CE967 /* dictionary */,
				4E8320592155EE3E00CD84C0 /* word */,
				4E45FB572154CCA400A5F03F /* string */,
				4E45FB3F21532D7600A5F03F /* record */,
				4E9C5BBA2152403F0079F985 /* file */,
				4E8E9CDF214CFB9A0004F39B /* cache */,
				4E9C5B9B2150A16F0079F985 /* log */,
				4E5E3A962147A4CE00E88554 /* controller */,
				4E9906312142777400EE0D55 /* extension */,
				4E5ED4182143767100AC709F /* Common.swift */,
			);
			path = tools;
			sourceTree = "<group>";
		};
		4E5ED41C2143B98500AC709F /* color */ = {
			isa = PBXGroup;
			children = (
				4E5ED41D2143B9A100AC709F /* UIColorExtension.swift */,
			);
			path = color;
			sourceTree = "<group>";
		};
		4E64265A2148EB1900D2B3FF /* viewmodel */ = {
			isa = PBXGroup;
			children = (
				4E8E9CDB214CF8370004F39B /* MyRecommendViewModel.swift */,
				4E64265B2148EB3B00D2B3FF /* HomeViewMode.swift */,
				4E9C5B9E2150A4950079F985 /* MyRecitedViewModel.swift */,
			);
			path = viewmodel;
			sourceTree = "<group>";
		};
		4E64265D2149565800D2B3FF /* Frameworks */ = {
			isa = PBXGroup;
			children = (
				4E7F1EA7214A58CA000D9044 /* libsqlite3.0.tbd */,
				336BE4373A343D3113E1DA2D /* Pods_LeqiEnglishIOS.framework */,
			);
			name = Frameworks;
			sourceTree = "<group>";
		};
		4E8320592155EE3E00CD84C0 /* word */ = {
			isa = PBXGroup;
			children = (
				4E83205A2155EF1100CD84C0 /* WordUtil.swift */,
			);
			path = word;
			sourceTree = "<group>";
		};
		4E8E9CCD214C96590004F39B /* view */ = {
			isa = PBXGroup;
			children = (
				4E8E9CCE214C96990004F39B /* UserBoardView.swift */,
				4E8E9CCF214C96990004F39B /* UserBoardView.xib */,
				4E8E9CD2214CAFF60004F39B /* MyRecitedCollectionViewCell.swift */,
				4E8E9CD3214CAFF60004F39B /* MyRecitedCollectionViewCell.xib */,
				4E8E9CD6214CE9D60004F39B /* MyRecommendCollectionViewCell.swift */,
				4E8E9CD7214CE9D60004F39B /* MyRecommendCollectionViewCell.xib */,
			);
			path = view;
			sourceTree = "<group>";
		};
		4E8E9CDF214CFB9A0004F39B /* cache */ = {
			isa = PBXGroup;
			children = (
				4E8E9CE0214CFBAB0004F39B /* remommend */,
				4E8E9CDD214CF8790004F39B /* DataCache.swift */,
			);
			path = cache;
			sourceTree = "<group>";
		};
		4E8E9CE0214CFBAB0004F39B /* remommend */ = {
			isa = PBXGroup;
			children = (
			);
			path = remommend;
			sourceTree = "<group>";
		};
		4E8E9CE3214E2E980004F39B /* content */ = {
			isa = PBXGroup;
			children = (
				4E5E3A992147A52300E88554 /* contentItem */,
				4E8E9CF3214F9E540004F39B /* segment */,
				4E8E9CE8214F4F290004F39B /* contentInfo */,
			);
			path = content;
			sourceTree = "<group>";
		};
		4E8E9CE8214F4F290004F39B /* contentInfo */ = {
			isa = PBXGroup;
			children = (
				4E8E9CEE214F58890004F39B /* view */,
				4E8E9CE9214F4F390004F39B /* datacache */,
				4E8E9CE4214E2F020004F39B /* ContentInfoViewController.swift */,
				4E8E9CE5214E2F020004F39B /* ContentInfoViewController.xib */,
			);
			path = contentInfo;
			sourceTree = "<group>";
		};
		4E8E9CE9214F4F390004F39B /* datacache */ = {
			isa = PBXGroup;
			children = (
				4E8E9CEA214F4F6B0004F39B /* ContentInfoViewModel.swift */,
				4EC0C3D52159CCF5004CE967 /* SingleContent.swift */,
			);
			path = datacache;
			sourceTree = "<group>";
		};
		4E8E9CEE214F58890004F39B /* view */ = {
			isa = PBXGroup;
			children = (
				4E8E9CEF214F58BA0004F39B /* SegmentViewItem.swift */,
				4E8E9CF0214F58BA0004F39B /* SegmentViewItem.xib */,
			);
			path = view;
			sourceTree = "<group>";
		};
		4E8E9CF3214F9E540004F39B /* segment */ = {
			isa = PBXGroup;
			children = (
				4E8E9CF4214F9E5F0004F39B /* playsegment */,
			);
			path = segment;
			sourceTree = "<group>";
		};
		4E8E9CF4214F9E5F0004F39B /* playsegment */ = {
			isa = PBXGroup;
			children = (
				4E9C5BB02151010E0079F985 /* playbar */,
				4E9C5BA92150FEF10079F985 /* playsegmentitem */,
				4E8E9CF5214F9E880004F39B /* playsegment.storyboard */,
				4E9C5BA52150FCBE0079F985 /* UISegmentPlayViewController.swift */,
				4E9C5BA62150FCBE0079F985 /* UISegmentPlayViewController.xib */,
			);
			path = playsegment;
			sourceTree = "<group>";
		};
		4E9906222142648C00EE0D55 /* main */ = {
			isa = PBXGroup;
			children = (
				4E5ED41421436F3800AC709F /* view */,
				4EF2EFDA206909D900B7F447 /* Main.storyboard */,
				4E5ED4102143626800AC709F /* MainViewController.swift */,
			);
			name = main;
			path = storyboard;
			sourceTree = "<group>";
		};
		4E99062B2142676D00EE0D55 /* home */ = {
			isa = PBXGroup;
			children = (
				4E8E9CCD214C96590004F39B /* view */,
				4E64265A2148EB1900D2B3FF /* viewmodel */,
				4E99062C2142677300EE0D55 /* controller */,
			);
			path = home;
			sourceTree = "<group>";
		};
		4E99062C2142677300EE0D55 /* controller */ = {
			isa = PBXGroup;
			children = (
				4E8E9CCB214C96110004F39B /* HomeController.swift */,
				4E99061F2142647100EE0D55 /* home.storyboard */,
			);
			path = controller;
			sourceTree = "<group>";
		};
		4E9906312142777400EE0D55 /* extension */ = {
			isa = PBXGroup;
			children = (
				4E9C5BB7215230110079F985 /* view */,
				4E2DF4A3214B8BCC00FA9BB0 /* string */,
				4E2DF4A2214B508000FA9BB0 /* date */,
				4E5ED41C2143B98500AC709F /* color */,
				4E9906322142779E00EE0D55 /* NavigationBarItemExtension.swift */,
			);
			path = extension;
			sourceTree = "<group>";
		};
		4E9C5B9B2150A16F0079F985 /* log */ = {
			isa = PBXGroup;
			children = (
				4E9C5B9C2150A18B0079F985 /* Logger.swift */,
			);
			path = log;
			sourceTree = "<group>";
		};
		4E9C5BA12150D28F0079F985 /* data */ = {
			isa = PBXGroup;
			children = (
				4E9C5BA22150D2E70079F985 /* UserDataCache.swift */,
			);
			path = data;
			sourceTree = "<group>";
		};
		4E9C5BA42150FC110079F985 /* business */ = {
			isa = PBXGroup;
			children = (
				4E5ED4042143617300AC709F /* word */,
				4E5ED40D2143618B00AC709F /* personal */,
				4E8E9CE3214E2E980004F39B /* content */,
			);
			path = business;
			sourceTree = "<group>";
		};
		4E9C5BA92150FEF10079F985 /* playsegmentitem */ = {
			isa = PBXGroup;
			children = (
				4E9C5BAC2150FF3E0079F985 /* PlaySementItemCollectionViewCell.swift */,
				4E9C5BAD2150FF3E0079F985 /* PlaySementItemCollectionViewCell.xib */,
			);
			path = playsegmentitem;
			sourceTree = "<group>";
		};
		4E9C5BB02151010E0079F985 /* playbar */ = {
			isa = PBXGroup;
			children = (
				4E9C5BB1215101630079F985 /* PlaySegmentBar.swift */,
			);
			path = playbar;
			sourceTree = "<group>";
		};
		4E9C5BB3215109030079F985 /* segment */ = {
			isa = PBXGroup;
			children = (
				4E9C5BB42151090F0079F985 /* New Group */,
				4E8E9CEC214F4FB70004F39B /* Segment.swift */,
				4E9C5BB52151091C0079F985 /* SegmentPlayItem.swift */,
			);
			path = segment;
			sourceTree = "<group>";
		};
		4E9C5BB42151090F0079F985 /* New Group */ = {
			isa = PBXGroup;
			children = (
			);
			path = "New Group";
			sourceTree = "<group>";
		};
		4E9C5BB7215230110079F985 /* view */ = {
			isa = PBXGroup;
			children = (
				4E9C5BB8215230370079F985 /* UIView_extension.swift */,
			);
			path = view;
			sourceTree = "<group>";
		};
		4E9C5BBA2152403F0079F985 /* file */ = {
			isa = PBXGroup;
			children = (
				4E9C5BBB215240520079F985 /* FileUtil.swift */,
			);
			path = file;
			sourceTree = "<group>";
		};
		4EC0C3DB215A0482004CE967 /* wordrecite */ = {
			isa = PBXGroup;
			children = (
				4EC0C3D7215A042C004CE967 /* ReciteWordViewController.swift */,
				4EC0C3D8215A042C004CE967 /* ReciteWordViewController.xib */,
			);
			path = wordrecite;
			sourceTree = "<group>";
		};
		4EC0C3DF215A6F62004CE967 /* dictionary */ = {
			isa = PBXGroup;
			children = (
				4EC0C3E0215A6F84004CE967 /* DictionaryUtil.swift */,
			);
			path = dictionary;
			sourceTree = "<group>";
		};
		4EF2EFCA206909D800B7F447 = {
			isa = PBXGroup;
			children = (
				4EF2EFD5206909D900B7F447 /* LeqiEnglishIOS */,
				4EF2EFD4206909D900B7F447 /* Products */,
				4E64265D2149565800D2B3FF /* Frameworks */,
				1400984347FFA29EC603B2F4 /* Pods */,
			);
			sourceTree = "<group>";
		};
		4EF2EFD4206909D900B7F447 /* Products */ = {
			isa = PBXGroup;
			children = (
				4EF2EFD3206909D900B7F447 /* LeqiEnglishIOS.app */,
			);
			name = Products;
			sourceTree = "<group>";
		};
		4EF2EFD5206909D900B7F447 /* LeqiEnglishIOS */ = {
			isa = PBXGroup;
			children = (
				4E9C5BA42150FC110079F985 /* business */,
				4E5ED4172143764F00AC709F /* tools */,
				4E99062B2142676D00EE0D55 /* home */,
				4E9906222142648C00EE0D55 /* main */,
				4E093536214105DF00592DE2 /* data */,
				4EF2F0862071969500B7F447 /* sf */,
				4EF2F06320710C6500B7F447 /* model */,
				4EF2EFD6206909D900B7F447 /* AppDelegate.swift */,
				4EF2EFD8206909D900B7F447 /* ViewController.swift */,
				4EF2EFDD206909D900B7F447 /* Assets.xcassets */,
				4EF2EFDF206909D900B7F447 /* LaunchScreen.storyboard */,
				4EF2EFE2206909D900B7F447 /* Info.plist */,
			);
			path = LeqiEnglishIOS;
			sourceTree = "<group>";
		};
		4EF2F06320710C6500B7F447 /* model */ = {
			isa = PBXGroup;
			children = (
				4E45FB4D21547A6D00A5F03F /* word */,
				4E9C5BB3215109030079F985 /* segment */,
				4E09352C2140C67400592DE2 /* catalog */,
				4E0935282140C51400592DE2 /* user */,
				4E0935272140C29B00592DE2 /* content */,
				4EF2F06420710C7A00B7F447 /* Entity.swift */,
			);
			path = model;
			sourceTree = "<group>";
		};
		4EF2F0862071969500B7F447 /* sf */ = {
			isa = PBXGroup;
			children = (
				4EF2F087207196BC00B7F447 /* Service.swift */,
			);
			path = sf;
			sourceTree = "<group>";
		};
/* End PBXGroup section */

/* Begin PBXNativeTarget section */
		4EF2EFD2206909D900B7F447 /* LeqiEnglishIOS */ = {
			isa = PBXNativeTarget;
			buildConfigurationList = 4EF2EFE5206909D900B7F447 /* Build configuration list for PBXNativeTarget "LeqiEnglishIOS" */;
			buildPhases = (
				273A49209ABA4A8584BF7610 /* [CP] Check Pods Manifest.lock */,
				4EF2EFCF206909D900B7F447 /* Sources */,
				4EF2EFD0206909D900B7F447 /* Frameworks */,
				4EF2EFD1206909D900B7F447 /* Resources */,
				4EF2F0852071952C00B7F447 /* Embed Frameworks */,
				907439E35B6A11C360B58983 /* [CP] Embed Pods Frameworks */,
			);
			buildRules = (
			);
			dependencies = (
			);
			name = LeqiEnglishIOS;
			productName = LeqiEnglishIOS;
			productReference = 4EF2EFD3206909D900B7F447 /* LeqiEnglishIOS.app */;
			productType = "com.apple.product-type.application";
		};
/* End PBXNativeTarget section */

/* Begin PBXProject section */
		4EF2EFCB206909D800B7F447 /* Project object */ = {
			isa = PBXProject;
			attributes = {
				LastSwiftUpdateCheck = 0920;
				LastUpgradeCheck = 0920;
				ORGANIZATIONNAME = zhuleqi;
				TargetAttributes = {
					4EF2EFD2206909D900B7F447 = {
						CreatedOnToolsVersion = 9.2;
						ProvisioningStyle = Automatic;
					};
				};
			};
			buildConfigurationList = 4EF2EFCE206909D800B7F447 /* Build configuration list for PBXProject "LeqiEnglishIOS" */;
			compatibilityVersion = "Xcode 8.0";
			developmentRegion = en;
			hasScannedForEncodings = 0;
			knownRegions = (
				en,
				Base,
			);
			mainGroup = 4EF2EFCA206909D800B7F447;
			productRefGroup = 4EF2EFD4206909D900B7F447 /* Products */;
			projectDirPath = "";
			projectRoot = "";
			targets = (
				4EF2EFD2206909D900B7F447 /* LeqiEnglishIOS */,
			);
		};
/* End PBXProject section */

/* Begin PBXResourcesBuildPhase section */
		4EF2EFD1206909D900B7F447 /* Resources */ = {
			isa = PBXResourcesBuildPhase;
			buildActionMask = 2147483647;
			files = (
				4E990628214264EA00EE0D55 /* word.storyboard in Resources */,
				4E8E9CD9214CE9D60004F39B /* MyRecommendCollectionViewCell.xib in Resources */,
				4E5E3AA22147A52400E88554 /* ContentItemCollectionViewCell.xib in Resources */,
				4E9C5BA82150FCBE0079F985 /* UISegmentPlayViewController.xib in Resources */,
				4EF2EFE1206909D900B7F447 /* LaunchScreen.storyboard in Resources */,
				4E8E9CE7214E2F020004F39B /* ContentInfoViewController.xib in Resources */,
				4E8E9CD1214C96990004F39B /* UserBoardView.xib in Resources */,
				4E45FB5E2154D7F100A5F03F /* WordInfoViewController.xib in Resources */,
				4E5E3AA42147A52400E88554 /* ContentItemPrecentCollectionViewCell.xib in Resources */,
				4EF2EFDE206909D900B7F447 /* Assets.xcassets in Resources */,
				4E8E9CF6214F9E880004F39B /* playsegment.storyboard in Resources */,
				4E8E9CF2214F58BA0004F39B /* SegmentViewItem.xib in Resources */,
				4EC0C3DA215A042C004CE967 /* ReciteWordViewController.xib in Resources */,
				4EF2EFDC206909D900B7F447 /* Main.storyboard in Resources */,
				4E99062A2142650600EE0D55 /* personal.storyboard in Resources */,
				4E45FB5321547B9D00A5F03F /* WordListViewController.xib in Resources */,
				4E45FB6C2154FFFB00A5F03F /* WordScentenseCollectionView.xib in Resources */,
				4E9C5BAF2150FF3E0079F985 /* PlaySementItemCollectionViewCell.xib in Resources */,
				4E45FB472153B49100A5F03F /* WordInfoCollectionViewCell.xib in Resources */,
				4E9906212142647100EE0D55 /* home.storyboard in Resources */,
				4E45FB682154FBF300A5F03F /* WordScentenseCollectionViewCell.xib in Resources */,
				4E8E9CD5214CAFF60004F39B /* MyRecitedCollectionViewCell.xib in Resources */,
			);
			runOnlyForDeploymentPostprocessing = 0;
		};
/* End PBXResourcesBuildPhase section */

/* Begin PBXShellScriptBuildPhase section */
		273A49209ABA4A8584BF7610 /* [CP] Check Pods Manifest.lock */ = {
			isa = PBXShellScriptBuildPhase;
			buildActionMask = 2147483647;
			files = (
			);
			inputPaths = (
				"${PODS_PODFILE_DIR_PATH}/Podfile.lock",
				"${PODS_ROOT}/Manifest.lock",
			);
			name = "[CP] Check Pods Manifest.lock";
			outputPaths = (
				"$(DERIVED_FILE_DIR)/Pods-LeqiEnglishIOS-checkManifestLockResult.txt",
			);
			runOnlyForDeploymentPostprocessing = 0;
			shellPath = /bin/sh;
			shellScript = "diff \"${PODS_PODFILE_DIR_PATH}/Podfile.lock\" \"${PODS_ROOT}/Manifest.lock\" > /dev/null\nif [ $? != 0 ] ; then\n    # print error to STDERR\n    echo \"error: The sandbox is not in sync with the Podfile.lock. Run 'pod install' or update your CocoaPods installation.\" >&2\n    exit 1\nfi\n# This output is used by Xcode 'outputs' to avoid re-running this script phase.\necho \"SUCCESS\" > \"${SCRIPT_OUTPUT_FILE_0}\"\n";
			showEnvVarsInLog = 0;
		};
		907439E35B6A11C360B58983 /* [CP] Embed Pods Frameworks */ = {
			isa = PBXShellScriptBuildPhase;
			buildActionMask = 2147483647;
			files = (
			);
			inputPaths = (
				"${SRCROOT}/Pods/Target Support Files/Pods-LeqiEnglishIOS/Pods-LeqiEnglishIOS-frameworks.sh",
				"${BUILT_PRODUCTS_DIR}/Alamofire/Alamofire.framework",
				"${BUILT_PRODUCTS_DIR}/Kingfisher/Kingfisher.framework",
				"${BUILT_PRODUCTS_DIR}/SQLite.swift/SQLite.framework",
			);
			name = "[CP] Embed Pods Frameworks";
			outputPaths = (
				"${TARGET_BUILD_DIR}/${FRAMEWORKS_FOLDER_PATH}/Alamofire.framework",
				"${TARGET_BUILD_DIR}/${FRAMEWORKS_FOLDER_PATH}/Kingfisher.framework",
				"${TARGET_BUILD_DIR}/${FRAMEWORKS_FOLDER_PATH}/SQLite.framework",
			);
			runOnlyForDeploymentPostprocessing = 0;
			shellPath = /bin/sh;
			shellScript = "\"${SRCROOT}/Pods/Target Support Files/Pods-LeqiEnglishIOS/Pods-LeqiEnglishIOS-frameworks.sh\"\n";
			showEnvVarsInLog = 0;
		};
/* End PBXShellScriptBuildPhase section */

/* Begin PBXSourcesBuildPhase section */
		4EF2EFCF206909D900B7F447 /* Sources */ = {
			isa = PBXSourcesBuildPhase;
			buildActionMask = 2147483647;
			files = (
				4E2DF4A1214B507700FA9BB0 /* NSDate_extension.swift in Sources */,
				4E9C5B9D2150A18C0079F985 /* Logger.swift in Sources */,
				4E45FB4F21547B1400A5F03F /* Word.swift in Sources */,
				4E8E9CDC214CF8370004F39B /* MyRecommendViewModel.swift in Sources */,
				4E45FB592154CCBD00A5F03F /* StringUtil.swift in Sources */,
				4E8E9CD4214CAFF60004F39B /* MyRecitedCollectionViewCell.swift in Sources */,
				4EC0C3E1215A6F84004CE967 /* DictionaryUtil.swift in Sources */,
				4E45FB6E2155088300A5F03F /* WordAndSegment.swift in Sources */,
				4EC0C3D62159CCF5004CE967 /* SingleContent.swift in Sources */,
				4E5ED41E2143B9A100AC709F /* UIColorExtension.swift in Sources */,
				4E09352E2140CBBB00592DE2 /* Catalog.swift in Sources */,
				4E5ED413214362EB00AC709F /* PersonalViewController.swift in Sources */,
				4E9C5BB2215101640079F985 /* PlaySegmentBar.swift in Sources */,
				4E9C5BAE2150FF3E0079F985 /* PlaySementItemCollectionViewCell.swift in Sources */,
				4EC0C3DE215A0F35004CE967 /* MyWords.swift in Sources */,
				4E2DF4A5214B8C0100FA9BB0 /* String_extension.swift in Sources */,
				4E9C5BB62151091C0079F985 /* SegmentPlayItem.swift in Sources */,
				4E8E9CD8214CE9D60004F39B /* MyRecommendCollectionViewCell.swift in Sources */,
				4E45FB4121532D9600A5F03F /* RecordManager.swift in Sources */,
				4EF2EFD9206909D900B7F447 /* ViewController.swift in Sources */,
				4E8E9CE6214E2F020004F39B /* ContentInfoViewController.swift in Sources */,
				4E5ED41B2143B69400AC709F /* PageContentView.swift in Sources */,
				4EF2F088207196BC00B7F447 /* Service.swift in Sources */,
				4E45FB562154C3C000A5F03F /* WordContentDataCache.swift in Sources */,
				4E8E9CD0214C96990004F39B /* UserBoardView.swift in Sources */,
				4E45FB5221547B9D00A5F03F /* WordListViewController.swift in Sources */,
				4E9C5BA32150D2E70079F985 /* UserDataCache.swift in Sources */,
				4E83205B2155EF1100CD84C0 /* WordUtil.swift in Sources */,
				4E8E9CF1214F58BA0004F39B /* SegmentViewItem.swift in Sources */,
				4E9C5B9F2150A4950079F985 /* MyRecitedViewModel.swift in Sources */,
				4E64265C2148EB3B00D2B3FF /* HomeViewMode.swift in Sources */,
				4E5ED40F214361F500AC709F /* WordViewController.swift in Sources */,
				4EF2F06220710C1500B7F447 /* Content.swift in Sources */,
				4EF2F06520710C7A00B7F447 /* Entity.swift in Sources */,
				4EC0C3D9215A042C004CE967 /* ReciteWordViewController.swift in Sources */,
				4E8E9CDE214CF8790004F39B /* DataCache.swift in Sources */,
				4E6426612149568500D2B3FF /* SQLManager.swift in Sources */,
				4E09352B2140C57100592DE2 /* User.swift in Sources */,
				4E45FB70215508CD00A5F03F /* WordScentenseDataCache.swift in Sources */,
				4E5E3AA12147A52400E88554 /* ContentItemCollectionViewCell.swift in Sources */,
				4E5ED41621436F6E00AC709F /* PageTitleView.swift in Sources */,
				4E9C5BA72150FCBE0079F985 /* UISegmentPlayViewController.swift in Sources */,
				4E9C5BB9215230370079F985 /* UIView_extension.swift in Sources */,
				4E5ED4112143626800AC709F /* MainViewController.swift in Sources */,
				4E9906332142779E00EE0D55 /* NavigationBarItemExtension.swift in Sources */,
				4E8E9CEB214F4F6B0004F39B /* ContentInfoViewModel.swift in Sources */,
				4EF2EFD7206909D900B7F447 /* AppDelegate.swift in Sources */,
				4E8E9CED214F4FB70004F39B /* Segment.swift in Sources */,
				4E8E9CCC214C96110004F39B /* HomeController.swift in Sources */,
				4E5ED4192143767100AC709F /* Common.swift in Sources */,
				4E45FB6B2154FFFB00A5F03F /* WordScentenseCollectionView.swift in Sources */,
				4E0935302140CC8300592DE2 /* ReciteContentVO.swift in Sources */,
				4E45FB672154FBF300A5F03F /* WordScentenseCollectionViewCell.swift in Sources */,
				4E5E3AA32147A52400E88554 /* ContentItemPrecentCollectionViewCell.swift in Sources */,
				4E9C5BBC215240520079F985 /* FileUtil.swift in Sources */,
				4E45FB5D2154D7F100A5F03F /* WordInfoViewController.swift in Sources */,
				4E45FB462153B49100A5F03F /* WordInfoCollectionViewCell.swift in Sources */,
			);
			runOnlyForDeploymentPostprocessing = 0;
		};
/* End PBXSourcesBuildPhase section */

/* Begin PBXVariantGroup section */
		4E99061F2142647100EE0D55 /* home.storyboard */ = {
			isa = PBXVariantGroup;
			children = (
				4E9906202142647100EE0D55 /* Base */,
			);
			name = home.storyboard;
			sourceTree = "<group>";
		};
		4E990626214264EA00EE0D55 /* word.storyboard */ = {
			isa = PBXVariantGroup;
			children = (
				4E990627214264EA00EE0D55 /* Base */,
			);
			name = word.storyboard;
			sourceTree = "<group>";
		};
		4EF2EFDA206909D900B7F447 /* Main.storyboard */ = {
			isa = PBXVariantGroup;
			children = (
				4EF2EFDB206909D900B7F447 /* Base */,
			);
			name = Main.storyboard;
			sourceTree = "<group>";
		};
		4EF2EFDF206909D900B7F447 /* LaunchScreen.storyboard */ = {
			isa = PBXVariantGroup;
			children = (
				4EF2EFE0206909D900B7F447 /* Base */,
			);
			name = LaunchScreen.storyboard;
			sourceTree = "<group>";
		};
/* End PBXVariantGroup section */

/* Begin XCBuildConfiguration section */
		4EF2EFE3206909D900B7F447 /* Debug */ = {
			isa = XCBuildConfiguration;
			buildSettings = {
				ALWAYS_SEARCH_USER_PATHS = NO;
				CLANG_ANALYZER_NONNULL = YES;
				CLANG_ANALYZER_NUMBER_OBJECT_CONVERSION = YES_AGGRESSIVE;
				CLANG_CXX_LANGUAGE_STANDARD = "gnu++14";
				CLANG_CXX_LIBRARY = "libc++";
				CLANG_ENABLE_MODULES = YES;
				CLANG_ENABLE_OBJC_ARC = YES;
				CLANG_WARN_BLOCK_CAPTURE_AUTORELEASING = YES;
				CLANG_WARN_BOOL_CONVERSION = YES;
				CLANG_WARN_COMMA = YES;
				CLANG_WARN_CONSTANT_CONVERSION = YES;
				CLANG_WARN_DIRECT_OBJC_ISA_USAGE = YES_ERROR;
				CLANG_WARN_DOCUMENTATION_COMMENTS = YES;
				CLANG_WARN_EMPTY_BODY = YES;
				CLANG_WARN_ENUM_CONVERSION = YES;
				CLANG_WARN_INFINITE_RECURSION = YES;
				CLANG_WARN_INT_CONVERSION = YES;
				CLANG_WARN_NON_LITERAL_NULL_CONVERSION = YES;
				CLANG_WARN_OBJC_LITERAL_CONVERSION = YES;
				CLANG_WARN_OBJC_ROOT_CLASS = YES_ERROR;
				CLANG_WARN_RANGE_LOOP_ANALYSIS = YES;
				CLANG_WARN_STRICT_PROTOTYPES = YES;
				CLANG_WARN_SUSPICIOUS_MOVE = YES;
				CLANG_WARN_UNGUARDED_AVAILABILITY = YES_AGGRESSIVE;
				CLANG_WARN_UNREACHABLE_CODE = YES;
				CLANG_WARN__DUPLICATE_METHOD_MATCH = YES;
				CODE_SIGN_IDENTITY = "iPhone Developer";
				COPY_PHASE_STRIP = NO;
				DEBUG_INFORMATION_FORMAT = dwarf;
				ENABLE_STRICT_OBJC_MSGSEND = YES;
				ENABLE_TESTABILITY = YES;
				GCC_C_LANGUAGE_STANDARD = gnu11;
				GCC_DYNAMIC_NO_PIC = NO;
				GCC_NO_COMMON_BLOCKS = YES;
				GCC_OPTIMIZATION_LEVEL = 0;
				GCC_PREPROCESSOR_DEFINITIONS = (
					"DEBUG=1",
					"$(inherited)",
				);
				GCC_WARN_64_TO_32_BIT_CONVERSION = YES;
				GCC_WARN_ABOUT_RETURN_TYPE = YES_ERROR;
				GCC_WARN_UNDECLARED_SELECTOR = YES;
				GCC_WARN_UNINITIALIZED_AUTOS = YES_AGGRESSIVE;
				GCC_WARN_UNUSED_FUNCTION = YES;
				GCC_WARN_UNUSED_VARIABLE = YES;
				IPHONEOS_DEPLOYMENT_TARGET = 11.2;
				MTL_ENABLE_DEBUG_INFO = YES;
				ONLY_ACTIVE_ARCH = YES;
				SDKROOT = iphoneos;
				SWIFT_ACTIVE_COMPILATION_CONDITIONS = DEBUG;
				SWIFT_OPTIMIZATION_LEVEL = "-Onone";
			};
			name = Debug;
		};
		4EF2EFE4206909D900B7F447 /* Release */ = {
			isa = XCBuildConfiguration;
			buildSettings = {
				ALWAYS_SEARCH_USER_PATHS = NO;
				CLANG_ANALYZER_NONNULL = YES;
				CLANG_ANALYZER_NUMBER_OBJECT_CONVERSION = YES_AGGRESSIVE;
				CLANG_CXX_LANGUAGE_STANDARD = "gnu++14";
				CLANG_CXX_LIBRARY = "libc++";
				CLANG_ENABLE_MODULES = YES;
				CLANG_ENABLE_OBJC_ARC = YES;
				CLANG_WARN_BLOCK_CAPTURE_AUTORELEASING = YES;
				CLANG_WARN_BOOL_CONVERSION = YES;
				CLANG_WARN_COMMA = YES;
				CLANG_WARN_CONSTANT_CONVERSION = YES;
				CLANG_WARN_DIRECT_OBJC_ISA_USAGE = YES_ERROR;
				CLANG_WARN_DOCUMENTATION_COMMENTS = YES;
				CLANG_WARN_EMPTY_BODY = YES;
				CLANG_WARN_ENUM_CONVERSION = YES;
				CLANG_WARN_INFINITE_RECURSION = YES;
				CLANG_WARN_INT_CONVERSION = YES;
				CLANG_WARN_NON_LITERAL_NULL_CONVERSION = YES;
				CLANG_WARN_OBJC_LITERAL_CONVERSION = YES;
				CLANG_WARN_OBJC_ROOT_CLASS = YES_ERROR;
				CLANG_WARN_RANGE_LOOP_ANALYSIS = YES;
				CLANG_WARN_STRICT_PROTOTYPES = YES;
				CLANG_WARN_SUSPICIOUS_MOVE = YES;
				CLANG_WARN_UNGUARDED_AVAILABILITY = YES_AGGRESSIVE;
				CLANG_WARN_UNREACHABLE_CODE = YES;
				CLANG_WARN__DUPLICATE_METHOD_MATCH = YES;
				CODE_SIGN_IDENTITY = "iPhone Developer";
				COPY_PHASE_STRIP = NO;
				DEBUG_INFORMATION_FORMAT = "dwarf-with-dsym";
				ENABLE_NS_ASSERTIONS = NO;
				ENABLE_STRICT_OBJC_MSGSEND = YES;
				GCC_C_LANGUAGE_STANDARD = gnu11;
				GCC_NO_COMMON_BLOCKS = YES;
				GCC_WARN_64_TO_32_BIT_CONVERSION = YES;
				GCC_WARN_ABOUT_RETURN_TYPE = YES_ERROR;
				GCC_WARN_UNDECLARED_SELECTOR = YES;
				GCC_WARN_UNINITIALIZED_AUTOS = YES_AGGRESSIVE;
				GCC_WARN_UNUSED_FUNCTION = YES;
				GCC_WARN_UNUSED_VARIABLE = YES;
				IPHONEOS_DEPLOYMENT_TARGET = 11.2;
				MTL_ENABLE_DEBUG_INFO = NO;
				SDKROOT = iphoneos;
				SWIFT_OPTIMIZATION_LEVEL = "-Owholemodule";
				VALIDATE_PRODUCT = YES;
			};
			name = Release;
		};
		4EF2EFE6206909D900B7F447 /* Debug */ = {
			isa = XCBuildConfiguration;
			baseConfigurationReference = DFFAD7CA82B991F0B115AED3 /* Pods-LeqiEnglishIOS.debug.xcconfig */;
			buildSettings = {
				ALWAYS_EMBED_SWIFT_STANDARD_LIBRARIES = YES;
				ASSETCATALOG_COMPILER_APPICON_NAME = AppIcon;
				CODE_SIGN_STYLE = Automatic;
				DEVELOPMENT_TEAM = HFKQZU25VP;
				INFOPLIST_FILE = LeqiEnglishIOS/Info.plist;
				LD_RUNPATH_SEARCH_PATHS = "$(inherited) @executable_path/Frameworks";
				PRODUCT_BUNDLE_IDENTIFIER = com.Leqienglish;
				PRODUCT_NAME = "$(TARGET_NAME)";
				SWIFT_OBJC_BRIDGING_HEADER = SQLite_Bridge.h;
				SWIFT_VERSION = 4.0;
				TARGETED_DEVICE_FAMILY = "1,2";
			};
			name = Debug;
		};
		4EF2EFE7206909D900B7F447 /* Release */ = {
			isa = XCBuildConfiguration;
			baseConfigurationReference = BA80D4FBEEB9C72186E7D4B3 /* Pods-LeqiEnglishIOS.release.xcconfig */;
			buildSettings = {
				ALWAYS_EMBED_SWIFT_STANDARD_LIBRARIES = YES;
				ASSETCATALOG_COMPILER_APPICON_NAME = AppIcon;
				CODE_SIGN_STYLE = Automatic;
				DEVELOPMENT_TEAM = HFKQZU25VP;
				INFOPLIST_FILE = LeqiEnglishIOS/Info.plist;
				LD_RUNPATH_SEARCH_PATHS = "$(inherited) @executable_path/Frameworks";
				PRODUCT_BUNDLE_IDENTIFIER = com.Leqienglish;
				PRODUCT_NAME = "$(TARGET_NAME)";
				SWIFT_OBJC_BRIDGING_HEADER = SQLite_Bridge.h;
				SWIFT_VERSION = 4.0;
				TARGETED_DEVICE_FAMILY = "1,2";
			};
			name = Release;
		};
/* End XCBuildConfiguration section */

/* Begin XCConfigurationList section */
		4EF2EFCE206909D800B7F447 /* Build configuration list for PBXProject "LeqiEnglishIOS" */ = {
			isa = XCConfigurationList;
			buildConfigurations = (
				4EF2EFE3206909D900B7F447 /* Debug */,
				4EF2EFE4206909D900B7F447 /* Release */,
			);
			defaultConfigurationIsVisible = 0;
			defaultConfigurationName = Release;
		};
		4EF2EFE5206909D900B7F447 /* Build configuration list for PBXNativeTarget "LeqiEnglishIOS" */ = {
			isa = XCConfigurationList;
			buildConfigurations = (
				4EF2EFE6206909D900B7F447 /* Debug */,
				4EF2EFE7206909D900B7F447 /* Release */,
			);
			defaultConfigurationIsVisible = 0;
			defaultConfigurationName = Release;
		};
/* End XCConfigurationList section */
	};
	rootObject = 4EF2EFCB206909D800B7F447 /* Project object */;
}
